// !$*UTF8*$!
{
	archiveVersion = 1;
	classes = {
	};
	objectVersion = 56;
	objects = {

/* Begin PBXBuildFile section */
		4DFF91DD2AFDC47B00CEC7CE /* Phoneix_RaiserApp.swift in Sources */ = {isa = PBXBuildFile; fileRef = 4DFF91DC2AFDC47B00CEC7CE /* Phoneix_RaiserApp.swift */; };
		4DFF91DF2AFDC47B00CEC7CE /* ContentView.swift in Sources */ = {isa = PBXBuildFile; fileRef = 4DFF91DE2AFDC47B00CEC7CE /* ContentView.swift */; };
		4DFF91E12AFDC47F00CEC7CE /* Assets.xcassets in Resources */ = {isa = PBXBuildFile; fileRef = 4DFF91E02AFDC47F00CEC7CE /* Assets.xcassets */; };
		4DFF91E52AFDC48000CEC7CE /* Preview Assets.xcassets in Resources */ = {isa = PBXBuildFile; fileRef = 4DFF91E42AFDC47F00CEC7CE /* Preview Assets.xcassets */; };
		4DFF91EF2AFDC48000CEC7CE /* Phoneix_RaiserTests.swift in Sources */ = {isa = PBXBuildFile; fileRef = 4DFF91EE2AFDC48000CEC7CE /* Phoneix_RaiserTests.swift */; };
		4DFF91F92AFDC48000CEC7CE /* Phoneix_RaiserUITests.swift in Sources */ = {isa = PBXBuildFile; fileRef = 4DFF91F82AFDC48000CEC7CE /* Phoneix_RaiserUITests.swift */; };
		4DFF91FB2AFDC48000CEC7CE /* Phoneix_RaiserUITestsLaunchTests.swift in Sources */ = {isa = PBXBuildFile; fileRef = 4DFF91FA2AFDC48000CEC7CE /* Phoneix_RaiserUITestsLaunchTests.swift */; };
/* End PBXBuildFile section */

/* Begin PBXContainerItemProxy section */
		4DFF91EB2AFDC48000CEC7CE /* PBXContainerItemProxy */ = {
			isa = PBXContainerItemProxy;
			containerPortal = 4DFF91D12AFDC47B00CEC7CE /* Project object */;
			proxyType = 1;
			remoteGlobalIDString = 4DFF91D82AFDC47B00CEC7CE;
			remoteInfo = "Phoneix Raiser";
		};
		4DFF91F52AFDC48000CEC7CE /* PBXContainerItemProxy */ = {
			isa = PBXContainerItemProxy;
			containerPortal = 4DFF91D12AFDC47B00CEC7CE /* Project object */;
			proxyType = 1;
			remoteGlobalIDString = 4DFF91D82AFDC47B00CEC7CE;
			remoteInfo = "Phoneix Raiser";
		};
/* End PBXContainerItemProxy section */

/* Begin PBXFileReference section */
		4DFF91D92AFDC47B00CEC7CE /* Phoneix Raiser.app */ = {isa = PBXFileReference; explicitFileType = wrapper.application; includeInIndex = 0; path = "Phoneix Raiser.app"; sourceTree = BUILT_PRODUCTS_DIR; };
		4DFF91DC2AFDC47B00CEC7CE /* Phoneix_RaiserApp.swift */ = {isa = PBXFileReference; lastKnownFileType = sourcecode.swift; path = Phoneix_RaiserApp.swift; sourceTree = "<group>"; };
		4DFF91DE2AFDC47B00CEC7CE /* ContentView.swift */ = {isa = PBXFileReference; lastKnownFileType = sourcecode.swift; path = ContentView.swift; sourceTree = "<group>"; };
		4DFF91E02AFDC47F00CEC7CE /* Assets.xcassets */ = {isa = PBXFileReference; lastKnownFileType = folder.assetcatalog; path = Assets.xcassets; sourceTree = "<group>"; };
		4DFF91E22AFDC47F00CEC7CE /* Phoneix_Raiser.entitlements */ = {isa = PBXFileReference; lastKnownFileType = text.plist.entitlements; path = Phoneix_Raiser.entitlements; sourceTree = "<group>"; };
		4DFF91E42AFDC47F00CEC7CE /* Preview Assets.xcassets */ = {isa = PBXFileReference; lastKnownFileType = folder.assetcatalog; path = "Preview Assets.xcassets"; sourceTree = "<group>"; };
		4DFF91EA2AFDC48000CEC7CE /* Phoneix RaiserTests.xctest */ = {isa = PBXFileReference; explicitFileType = wrapper.cfbundle; includeInIndex = 0; path = "Phoneix RaiserTests.xctest"; sourceTree = BUILT_PRODUCTS_DIR; };
		4DFF91EE2AFDC48000CEC7CE /* Phoneix_RaiserTests.swift */ = {isa = PBXFileReference; lastKnownFileType = sourcecode.swift; path = Phoneix_RaiserTests.swift; sourceTree = "<group>"; };
		4DFF91F42AFDC48000CEC7CE /* Phoneix RaiserUITests.xctest */ = {isa = PBXFileReference; explicitFileType = wrapper.cfbundle; includeInIndex = 0; path = "Phoneix RaiserUITests.xctest"; sourceTree = BUILT_PRODUCTS_DIR; };
		4DFF91F82AFDC48000CEC7CE /* Phoneix_RaiserUITests.swift */ = {isa = PBXFileReference; lastKnownFileType = sourcecode.swift; path = Phoneix_RaiserUITests.swift; sourceTree = "<group>"; };
		4DFF91FA2AFDC48000CEC7CE /* Phoneix_RaiserUITestsLaunchTests.swift */ = {isa = PBXFileReference; lastKnownFileType = sourcecode.swift; path = Phoneix_RaiserUITestsLaunchTests.swift; sourceTree = "<group>"; };
/* End PBXFileReference section */

/* Begin PBXFrameworksBuildPhase section */
		4DFF91D62AFDC47B00CEC7CE /* Frameworks */ = {
			isa = PBXFrameworksBuildPhase;
			buildActionMask = 2147483647;
			files = (
			);
			runOnlyForDeploymentPostprocessing = 0;
		};
		4DFF91E72AFDC48000CEC7CE /* Frameworks */ = {
			isa = PBXFrameworksBuildPhase;
			buildActionMask = 2147483647;
			files = (
			);
			runOnlyForDeploymentPostprocessing = 0;
		};
		4DFF91F12AFDC48000CEC7CE /* Frameworks */ = {
			isa = PBXFrameworksBuildPhase;
			buildActionMask = 2147483647;
			files = (
			);
			runOnlyForDeploymentPostprocessing = 0;
		};
/* End PBXFrameworksBuildPhase section */

/* Begin PBXGroup section */
		4DFF91D02AFDC47B00CEC7CE = {
			isa = PBXGroup;
			children = (
				4DFF91DB2AFDC47B00CEC7CE /* Phoneix Raiser */,
				4DFF91ED2AFDC48000CEC7CE /* Phoneix RaiserTests */,
				4DFF91F72AFDC48000CEC7CE /* Phoneix RaiserUITests */,
				4DFF91DA2AFDC47B00CEC7CE /* Products */,
			);
			sourceTree = "<group>";
		};
		4DFF91DA2AFDC47B00CEC7CE /* Products */ = {
			isa = PBXGroup;
			children = (
				4DFF91D92AFDC47B00CEC7CE /* Phoneix Raiser.app */,
				4DFF91EA2AFDC48000CEC7CE /* Phoneix RaiserTests.xctest */,
				4DFF91F42AFDC48000CEC7CE /* Phoneix RaiserUITests.xctest */,
			);
			name = Products;
			sourceTree = "<group>";
		};
		4DFF91DB2AFDC47B00CEC7CE /* Phoneix Raiser */ = {
			isa = PBXGroup;
			children = (
				4DFF91DC2AFDC47B00CEC7CE /* Phoneix_RaiserApp.swift */,
				4DFF91DE2AFDC47B00CEC7CE /* ContentView.swift */,
				4DFF91E02AFDC47F00CEC7CE /* Assets.xcassets */,
				4DFF91E22AFDC47F00CEC7CE /* Phoneix_Raiser.entitlements */,
				4DFF91E32AFDC47F00CEC7CE /* Preview Content */,
			);
			path = "Phoneix Raiser";
			sourceTree = "<group>";
		};
		4DFF91E32AFDC47F00CEC7CE /* Preview Content */ = {
			isa = PBXGroup;
			children = (
				4DFF91E42AFDC47F00CEC7CE /* Preview Assets.xcassets */,
			);
			path = "Preview Content";
			sourceTree = "<group>";
		};
		4DFF91ED2AFDC48000CEC7CE /* Phoneix RaiserTests */ = {
			isa = PBXGroup;
			children = (
				4DFF91EE2AFDC48000CEC7CE /* Phoneix_RaiserTests.swift */,
			);
			path = "Phoneix RaiserTests";
			sourceTree = "<group>";
		};
		4DFF91F72AFDC48000CEC7CE /* Phoneix RaiserUITests */ = {
			isa = PBXGroup;
			children = (
				4DFF91F82AFDC48000CEC7CE /* Phoneix_RaiserUITests.swift */,
				4DFF91FA2AFDC48000CEC7CE /* Phoneix_RaiserUITestsLaunchTests.swift */,
			);
			path = "Phoneix RaiserUITests";
			sourceTree = "<group>";
		};
/* End PBXGroup section */

/* Begin PBXNativeTarget section */
		4DFF91D82AFDC47B00CEC7CE /* Phoneix Raiser */ = {
			isa = PBXNativeTarget;
			buildConfigurationList = 4DFF91FE2AFDC48000CEC7CE /* Build configuration list for PBXNativeTarget "Phoneix Raiser" */;
			buildPhases = (
				4DFF91D52AFDC47B00CEC7CE /* Sources */,
				4DFF91D62AFDC47B00CEC7CE /* Frameworks */,
				4DFF91D72AFDC47B00CEC7CE /* Resources */,
			);
			buildRules = (
			);
			dependencies = (
			);
			name = "Phoneix Raiser";
			productName = "Phoneix Raiser";
			productReference = 4DFF91D92AFDC47B00CEC7CE /* Phoneix Raiser.app */;
			productType = "com.apple.product-type.application";
		};
		4DFF91E92AFDC48000CEC7CE /* Phoneix RaiserTests */ = {
			isa = PBXNativeTarget;
			buildConfigurationList = 4DFF92012AFDC48000CEC7CE /* Build configuration list for PBXNativeTarget "Phoneix RaiserTests" */;
			buildPhases = (
				4DFF91E62AFDC48000CEC7CE /* Sources */,
				4DFF91E72AFDC48000CEC7CE /* Frameworks */,
				4DFF91E82AFDC48000CEC7CE /* Resources */,
			);
			buildRules = (
			);
			dependencies = (
				4DFF91EC2AFDC48000CEC7CE /* PBXTargetDependency */,
			);
			name = "Phoneix RaiserTests";
			productName = "Phoneix RaiserTests";
			productReference = 4DFF91EA2AFDC48000CEC7CE /* Phoneix RaiserTests.xctest */;
			productType = "com.apple.product-type.bundle.unit-test";
		};
		4DFF91F32AFDC48000CEC7CE /* Phoneix RaiserUITests */ = {
			isa = PBXNativeTarget;
			buildConfigurationList = 4DFF92042AFDC48000CEC7CE /* Build configuration list for PBXNativeTarget "Phoneix RaiserUITests" */;
			buildPhases = (
				4DFF91F02AFDC48000CEC7CE /* Sources */,
				4DFF91F12AFDC48000CEC7CE /* Frameworks */,
				4DFF91F22AFDC48000CEC7CE /* Resources */,
			);
			buildRules = (
			);
			dependencies = (
				4DFF91F62AFDC48000CEC7CE /* PBXTargetDependency */,
			);
			name = "Phoneix RaiserUITests";
			productName = "Phoneix RaiserUITests";
			productReference = 4DFF91F42AFDC48000CEC7CE /* Phoneix RaiserUITests.xctest */;
			productType = "com.apple.product-type.bundle.ui-testing";
		};
/* End PBXNativeTarget section */

/* Begin PBXProject section */
		4DFF91D12AFDC47B00CEC7CE /* Project object */ = {
			isa = PBXProject;
			attributes = {
				BuildIndependentTargetsInParallel = 1;
				LastSwiftUpdateCheck = 1500;
				LastUpgradeCheck = 1500;
				TargetAttributes = {
					4DFF91D82AFDC47B00CEC7CE = {
						CreatedOnToolsVersion = 15.0;
					};
					4DFF91E92AFDC48000CEC7CE = {
						CreatedOnToolsVersion = 15.0;
						TestTargetID = 4DFF91D82AFDC47B00CEC7CE;
					};
					4DFF91F32AFDC48000CEC7CE = {
						CreatedOnToolsVersion = 15.0;
						TestTargetID = 4DFF91D82AFDC47B00CEC7CE;
					};
				};
			};
			buildConfigurationList = 4DFF91D42AFDC47B00CEC7CE /* Build configuration list for PBXProject "Phoneix Raiser" */;
			compatibilityVersion = "Xcode 14.0";
			developmentRegion = en;
			hasScannedForEncodings = 0;
			knownRegions = (
				en,
				Base,
			);
			mainGroup = 4DFF91D02AFDC47B00CEC7CE;
			productRefGroup = 4DFF91DA2AFDC47B00CEC7CE /* Products */;
			projectDirPath = "";
			projectRoot = "";
			targets = (
				4DFF91D82AFDC47B00CEC7CE /* Phoneix Raiser */,
				4DFF91E92AFDC48000CEC7CE /* Phoneix RaiserTests */,
				4DFF91F32AFDC48000CEC7CE /* Phoneix RaiserUITests */,
			);
		};
/* End PBXProject section */

/* Begin PBXResourcesBuildPhase section */
		4DFF91D72AFDC47B00CEC7CE /* Resources */ = {
			isa = PBXResourcesBuildPhase;
			buildActionMask = 2147483647;
			files = (
				4DFF91E52AFDC48000CEC7CE /* Preview Assets.xcassets in Resources */,
				4DFF91E12AFDC47F00CEC7CE /* Assets.xcassets in Resources */,
			);
			runOnlyForDeploymentPostprocessing = 0;
		};
		4DFF91E82AFDC48000CEC7CE /* Resources */ = {
			isa = PBXResourcesBuildPhase;
			buildActionMask = 2147483647;
			files = (
			);
			runOnlyForDeploymentPostprocessing = 0;
		};
		4DFF91F22AFDC48000CEC7CE /* Resources */ = {
			isa = PBXResourcesBuildPhase;
			buildActionMask = 2147483647;
			files = (
			);
			runOnlyForDeploymentPostprocessing = 0;
		};
/* End PBXResourcesBuildPhase section */

/* Begin PBXSourcesBuildPhase section */
		4DFF91D52AFDC47B00CEC7CE /* Sources */ = {
			isa = PBXSourcesBuildPhase;
			buildActionMask = 2147483647;
			files = (
				4DFF91DF2AFDC47B00CEC7CE /* ContentView.swift in Sources */,
				4DFF91DD2AFDC47B00CEC7CE /* Phoneix_RaiserApp.swift in Sources */,
			);
			runOnlyForDeploymentPostprocessing = 0;
		};
		4DFF91E62AFDC48000CEC7CE /* Sources */ = {
			isa = PBXSourcesBuildPhase;
			buildActionMask = 2147483647;
			files = (
				4DFF91EF2AFDC48000CEC7CE /* Phoneix_RaiserTests.swift in Sources */,
			);
			runOnlyForDeploymentPostprocessing = 0;
		};
		4DFF91F02AFDC48000CEC7CE /* Sources */ = {
			isa = PBXSourcesBuildPhase;
			buildActionMask = 2147483647;
			files = (
				4DFF91FB2AFDC48000CEC7CE /* Phoneix_RaiserUITestsLaunchTests.swift in Sources */,
				4DFF91F92AFDC48000CEC7CE /* Phoneix_RaiserUITests.swift in Sources */,
			);
			runOnlyForDeploymentPostprocessing = 0;
		};
/* End PBXSourcesBuildPhase section */

/* Begin PBXTargetDependency section */
		4DFF91EC2AFDC48000CEC7CE /* PBXTargetDependency */ = {
			isa = PBXTargetDependency;
			target = 4DFF91D82AFDC47B00CEC7CE /* Phoneix Raiser */;
			targetProxy = 4DFF91EB2AFDC48000CEC7CE /* PBXContainerItemProxy */;
		};
		4DFF91F62AFDC48000CEC7CE /* PBXTargetDependency */ = {
			isa = PBXTargetDependency;
			target = 4DFF91D82AFDC47B00CEC7CE /* Phoneix Raiser */;
			targetProxy = 4DFF91F52AFDC48000CEC7CE /* PBXContainerItemProxy */;
		};
/* End PBXTargetDependency section */

/* Begin XCBuildConfiguration section */
		4DFF91FC2AFDC48000CEC7CE /* Debug */ = {
			isa = XCBuildConfiguration;
			buildSettings = {
				ALWAYS_SEARCH_USER_PATHS = NO;
				ASSETCATALOG_COMPILER_GENERATE_SWIFT_ASSET_SYMBOL_EXTENSIONS = YES;
				CLANG_ANALYZER_NONNULL = YES;
				CLANG_ANALYZER_NUMBER_OBJECT_CONVERSION = YES_AGGRESSIVE;
				CLANG_CXX_LANGUAGE_STANDARD = "gnu++20";
				CLANG_ENABLE_MODULES = YES;
				CLANG_ENABLE_OBJC_ARC = YES;
				CLANG_ENABLE_OBJC_WEAK = YES;
				CLANG_WARN_BLOCK_CAPTURE_AUTORELEASING = YES;
				CLANG_WARN_BOOL_CONVERSION = YES;
				CLANG_WARN_COMMA = YES;
				CLANG_WARN_CONSTANT_CONVERSION = YES;
				CLANG_WARN_DEPRECATED_OBJC_IMPLEMENTATIONS = YES;
				CLANG_WARN_DIRECT_OBJC_ISA_USAGE = YES_ERROR;
				CLANG_WARN_DOCUMENTATION_COMMENTS = YES;
				CLANG_WARN_EMPTY_BODY = YES;
				CLANG_WARN_ENUM_CONVERSION = YES;
				CLANG_WARN_INFINITE_RECURSION = YES;
				CLANG_WARN_INT_CONVERSION = YES;
				CLANG_WARN_NON_LITERAL_NULL_CONVERSION = YES;
				CLANG_WARN_OBJC_IMPLICIT_RETAIN_SELF = YES;
				CLANG_WARN_OBJC_LITERAL_CONVERSION = YES;
				CLANG_WARN_OBJC_ROOT_CLASS = YES_ERROR;
				CLANG_WARN_QUOTED_INCLUDE_IN_FRAMEWORK_HEADER = YES;
				CLANG_WARN_RANGE_LOOP_ANALYSIS = YES;
				CLANG_WARN_STRICT_PROTOTYPES = YES;
				CLANG_WARN_SUSPICIOUS_MOVE = YES;
				CLANG_WARN_UNGUARDED_AVAILABILITY = YES_AGGRESSIVE;
				CLANG_WARN_UNREACHABLE_CODE = YES;
				CLANG_WARN__DUPLICATE_METHOD_MATCH = YES;
				COPY_PHASE_STRIP = NO;
				DEBUG_INFORMATION_FORMAT = dwarf;
				ENABLE_STRICT_OBJC_MSGSEND = YES;
				ENABLE_TESTABILITY = YES;
				ENABLE_USER_SCRIPT_SANDBOXING = YES;
				GCC_C_LANGUAGE_STANDARD = gnu17;
				GCC_DYNAMIC_NO_PIC = NO;
				GCC_NO_COMMON_BLOCKS = YES;
				GCC_OPTIMIZATION_LEVEL = 0;
				GCC_PREPROCESSOR_DEFINITIONS = (
					"DEBUG=1",
					"$(inherited)",
				);
				GCC_WARN_64_TO_32_BIT_CONVERSION = YES;
				GCC_WARN_ABOUT_RETURN_TYPE = YES_ERROR;
				GCC_WARN_UNDECLARED_SELECTOR = YES;
				GCC_WARN_UNINITIALIZED_AUTOS = YES_AGGRESSIVE;
				GCC_WARN_UNUSED_FUNCTION = YES;
				GCC_WARN_UNUSED_VARIABLE = YES;
				LOCALIZATION_PREFERS_STRING_CATALOGS = YES;
				MTL_ENABLE_DEBUG_INFO = INCLUDE_SOURCE;
				MTL_FAST_MATH = YES;
				ONLY_ACTIVE_ARCH = YES;
				SWIFT_ACTIVE_COMPILATION_CONDITIONS = "DEBUG $(inherited)";
				SWIFT_OPTIMIZATION_LEVEL = "-Onone";
			};
			name = Debug;
		};
		4DFF91FD2AFDC48000CEC7CE /* Release */ = {
			isa = XCBuildConfiguration;
			buildSettings = {
				ALWAYS_SEARCH_USER_PATHS = NO;
				ASSETCATALOG_COMPILER_GENERATE_SWIFT_ASSET_SYMBOL_EXTENSIONS = YES;
				CLANG_ANALYZER_NONNULL = YES;
				CLANG_ANALYZER_NUMBER_OBJECT_CONVERSION = YES_AGGRESSIVE;
				CLANG_CXX_LANGUAGE_STANDARD = "gnu++20";
				CLANG_ENABLE_MODULES = YES;
				CLANG_ENABLE_OBJC_ARC = YES;
				CLANG_ENABLE_OBJC_WEAK = YES;
				CLANG_WARN_BLOCK_CAPTURE_AUTORELEASING = YES;
				CLANG_WARN_BOOL_CONVERSION = YES;
				CLANG_WARN_COMMA = YES;
				CLANG_WARN_CONSTANT_CONVERSION = YES;
				CLANG_WARN_DEPRECATED_OBJC_IMPLEMENTATIONS = YES;
				CLANG_WARN_DIRECT_OBJC_ISA_USAGE = YES_ERROR;
				CLANG_WARN_DOCUMENTATION_COMMENTS = YES;
				CLANG_WARN_EMPTY_BODY = YES;
				CLANG_WARN_ENUM_CONVERSION = YES;
				CLANG_WARN_INFINITE_RECURSION = YES;
				CLANG_WARN_INT_CONVERSION = YES;
				CLANG_WARN_NON_LITERAL_NULL_CONVERSION = YES;
				CLANG_WARN_OBJC_IMPLICIT_RETAIN_SELF = YES;
				CLANG_WARN_OBJC_LITERAL_CONVERSION = YES;
				CLANG_WARN_OBJC_ROOT_CLASS = YES_ERROR;
				CLANG_WARN_QUOTED_INCLUDE_IN_FRAMEWORK_HEADER = YES;
				CLANG_WARN_RANGE_LOOP_ANALYSIS = YES;
				CLANG_WARN_STRICT_PROTOTYPES = YES;
				CLANG_WARN_SUSPICIOUS_MOVE = YES;
				CLANG_WARN_UNGUARDED_AVAILABILITY = YES_AGGRESSIVE;
				CLANG_WARN_UNREACHABLE_CODE = YES;
				CLANG_WARN__DUPLICATE_METHOD_MATCH = YES;
				COPY_PHASE_STRIP = NO;
				DEBUG_INFORMATION_FORMAT = "dwarf-with-dsym";
				ENABLE_NS_ASSERTIONS = NO;
				ENABLE_STRICT_OBJC_MSGSEND = YES;
				ENABLE_USER_SCRIPT_SANDBOXING = YES;
				GCC_C_LANGUAGE_STANDARD = gnu17;
				GCC_NO_COMMON_BLOCKS = YES;
				GCC_WARN_64_TO_32_BIT_CONVERSION = YES;
				GCC_WARN_ABOUT_RETURN_TYPE = YES_ERROR;
				GCC_WARN_UNDECLARED_SELECTOR = YES;
				GCC_WARN_UNINITIALIZED_AUTOS = YES_AGGRESSIVE;
				GCC_WARN_UNUSED_FUNCTION = YES;
				GCC_WARN_UNUSED_VARIABLE = YES;
				LOCALIZATION_PREFERS_STRING_CATALOGS = YES;
				MTL_ENABLE_DEBUG_INFO = NO;
				MTL_FAST_MATH = YES;
				SWIFT_COMPILATION_MODE = wholemodule;
			};
			name = Release;
		};
		4DFF91FF2AFDC48000CEC7CE /* Debug */ = {
			isa = XCBuildConfiguration;
			buildSettings = {
				ASSETCATALOG_COMPILER_APPICON_NAME = AppIcon;
				ASSETCATALOG_COMPILER_GLOBAL_ACCENT_COLOR_NAME = AccentColor;
				CODE_SIGN_ENTITLEMENTS = "Phoneix Raiser/Phoneix_Raiser.entitlements";
				CODE_SIGN_STYLE = Automatic;
				CURRENT_PROJECT_VERSION = 1;
				DEVELOPMENT_ASSET_PATHS = "\"Phoneix Raiser/Preview Content\"";
				ENABLE_PREVIEWS = YES;
				GENERATE_INFOPLIST_FILE = YES;
				"INFOPLIST_KEY_UIApplicationSceneManifest_Generation[sdk=iphoneos*]" = YES;
				"INFOPLIST_KEY_UIApplicationSceneManifest_Generation[sdk=iphonesimulator*]" = YES;
				"INFOPLIST_KEY_UIApplicationSupportsIndirectInputEvents[sdk=iphoneos*]" = YES;
				"INFOPLIST_KEY_UIApplicationSupportsIndirectInputEvents[sdk=iphonesimulator*]" = YES;
				"INFOPLIST_KEY_UILaunchScreen_Generation[sdk=iphoneos*]" = YES;
				"INFOPLIST_KEY_UILaunchScreen_Generation[sdk=iphonesimulator*]" = YES;
				"INFOPLIST_KEY_UIStatusBarStyle[sdk=iphoneos*]" = UIStatusBarStyleDefault;
				"INFOPLIST_KEY_UIStatusBarStyle[sdk=iphonesimulator*]" = UIStatusBarStyleDefault;
				INFOPLIST_KEY_UISupportedInterfaceOrientations_iPad = "UIInterfaceOrientationPortrait UIInterfaceOrientationPortraitUpsideDown UIInterfaceOrientationLandscapeLeft UIInterfaceOrientationLandscapeRight";
				INFOPLIST_KEY_UISupportedInterfaceOrientations_iPhone = "UIInterfaceOrientationPortrait UIInterfaceOrientationLandscapeLeft UIInterfaceOrientationLandscapeRight";
				IPHONEOS_DEPLOYMENT_TARGET = 17.0;
				LD_RUNPATH_SEARCH_PATHS = "@executable_path/Frameworks";
				"LD_RUNPATH_SEARCH_PATHS[sdk=macosx*]" = "@executable_path/../Frameworks";
				MACOSX_DEPLOYMENT_TARGET = 14.0;
				MARKETING_VERSION = 1.0;
				PRODUCT_BUNDLE_IDENTIFIER = "com.Phoenex.iOS.Phoneix-Raiser";
				PRODUCT_NAME = "$(TARGET_NAME)";
				SDKROOT = auto;
				SUPPORTED_PLATFORMS = "iphoneos iphonesimulator macosx";
				SWIFT_EMIT_LOC_STRINGS = YES;
				SWIFT_VERSION = 5.0;
				TARGETED_DEVICE_FAMILY = "1,2";
			};
			name = Debug;
		};
		4DFF92002AFDC48000CEC7CE /* Release */ = {
			isa = XCBuildConfiguration;
			buildSettings = {
				ASSETCATALOG_COMPILER_APPICON_NAME = AppIcon;
				ASSETCATALOG_COMPILER_GLOBAL_ACCENT_COLOR_NAME = AccentColor;
				CODE_SIGN_ENTITLEMENTS = "Phoneix Raiser/Phoneix_Raiser.entitlements";
				CODE_SIGN_STYLE = Automatic;
				CURRENT_PROJECT_VERSION = 1;
				DEVELOPMENT_ASSET_PATHS = "\"Phoneix Raiser/Preview Content\"";
				ENABLE_PREVIEWS = YES;
				GENERATE_INFOPLIST_FILE = YES;
				"INFOPLIST_KEY_UIApplicationSceneManifest_Generation[sdk=iphoneos*]" = YES;
				"INFOPLIST_KEY_UIApplicationSceneManifest_Generation[sdk=iphonesimulator*]" = YES;
				"INFOPLIST_KEY_UIApplicationSupportsIndirectInputEvents[sdk=iphoneos*]" = YES;
				"INFOPLIST_KEY_UIApplicationSupportsIndirectInputEvents[sdk=iphonesimulator*]" = YES;
				"INFOPLIST_KEY_UILaunchScreen_Generation[sdk=iphoneos*]" = YES;
				"INFOPLIST_KEY_UILaunchScreen_Generation[sdk=iphonesimulator*]" = YES;
				"INFOPLIST_KEY_UIStatusBarStyle[sdk=iphoneos*]" = UIStatusBarStyleDefault;
				"INFOPLIST_KEY_UIStatusBarStyle[sdk=iphonesimulator*]" = UIStatusBarStyleDefault;
				INFOPLIST_KEY_UISupportedInterfaceOrientations_iPad = "UIInterfaceOrientationPortrait UIInterfaceOrientationPortraitUpsideDown UIInterfaceOrientationLandscapeLeft UIInterfaceOrientationLandscapeRight";
				INFOPLIST_KEY_UISupportedInterfaceOrientations_iPhone = "UIInterfaceOrientationPortrait UIInterfaceOrientationLandscapeLeft UIInterfaceOrientationLandscapeRight";
				IPHONEOS_DEPLOYMENT_TARGET = 17.0;
				LD_RUNPATH_SEARCH_PATHS = "@executable_path/Frameworks";
				"LD_RUNPATH_SEARCH_PATHS[sdk=macosx*]" = "@executable_path/../Frameworks";
				MACOSX_DEPLOYMENT_TARGET = 14.0;
				MARKETING_VERSION = 1.0;
				PRODUCT_BUNDLE_IDENTIFIER = "com.Phoenex.iOS.Phoneix-Raiser";
				PRODUCT_NAME = "$(TARGET_NAME)";
				SDKROOT = auto;
				SUPPORTED_PLATFORMS = "iphoneos iphonesimulator macosx";
				SWIFT_EMIT_LOC_STRINGS = YES;
				SWIFT_VERSION = 5.0;
				TARGETED_DEVICE_FAMILY = "1,2";
			};
			name = Release;
		};
		4DFF92022AFDC48000CEC7CE /* Debug */ = {
			isa = XCBuildConfiguration;
			buildSettings = {
				ALWAYS_EMBED_SWIFT_STANDARD_LIBRARIES = YES;
				BUNDLE_LOADER = "$(TEST_HOST)";
				CODE_SIGN_STYLE = Automatic;
				CURRENT_PROJECT_VERSION = 1;
				GENERATE_INFOPLIST_FILE = YES;
				IPHONEOS_DEPLOYMENT_TARGET = 17.0;
				MACOSX_DEPLOYMENT_TARGET = 14.0;
				MARKETING_VERSION = 1.0;
				PRODUCT_BUNDLE_IDENTIFIER = "com.Phoenex.iOS.Phoneix-RaiserTests";
				PRODUCT_NAME = "$(TARGET_NAME)";
				SDKROOT = auto;
				SUPPORTED_PLATFORMS = "iphoneos iphonesimulator macosx";
				SWIFT_EMIT_LOC_STRINGS = NO;
				SWIFT_VERSION = 5.0;
				TARGETED_DEVICE_FAMILY = "1,2";
				TEST_HOST = "$(BUILT_PRODUCTS_DIR)/Phoneix Raiser.app/$(BUNDLE_EXECUTABLE_FOLDER_PATH)/Phoneix Raiser";
			};
			name = Debug;
		};
		4DFF92032AFDC48000CEC7CE /* Release */ = {
			isa = XCBuildConfiguration;
			buildSettings = {
				ALWAYS_EMBED_SWIFT_STANDARD_LIBRARIES = YES;
				BUNDLE_LOADER = "$(TEST_HOST)";
				CODE_SIGN_STYLE = Automatic;
				CURRENT_PROJECT_VERSION = 1;
				GENERATE_INFOPLIST_FILE = YES;
				IPHONEOS_DEPLOYMENT_TARGET = 17.0;
				MACOSX_DEPLOYMENT_TARGET = 14.0;
				MARKETING_VERSION = 1.0;
				PRODUCT_BUNDLE_IDENTIFIER = "com.Phoenex.iOS.Phoneix-RaiserTests";
				PRODUCT_NAME = "$(TARGET_NAME)";
				SDKROOT = auto;
				SUPPORTED_PLATFORMS = "iphoneos iphonesimulator macosx";
				SWIFT_EMIT_LOC_STRINGS = NO;
				SWIFT_VERSION = 5.0;
				TARGETED_DEVICE_FAMILY = "1,2";
				TEST_HOST = "$(BUILT_PRODUCTS_DIR)/Phoneix Raiser.app/$(BUNDLE_EXECUTABLE_FOLDER_PATH)/Phoneix Raiser";
			};
			name = Release;
		};
		4DFF92052AFDC48000CEC7CE /* Debug */ = {
			isa = XCBuildConfiguration;
			buildSettings = {
				ALWAYS_EMBED_SWIFT_STANDARD_LIBRARIES = YES;
				CODE_SIGN_STYLE = Automatic;
				CURRENT_PROJECT_VERSION = 1;
				GENERATE_INFOPLIST_FILE = YES;
				IPHONEOS_DEPLOYMENT_TARGET = 17.0;
				MACOSX_DEPLOYMENT_TARGET = 14.0;
				MARKETING_VERSION = 1.0;
				PRODUCT_BUNDLE_IDENTIFIER = "com.Phoenex.iOS.Phoneix-RaiserUITests";
				PRODUCT_NAME = "$(TARGET_NAME)";
				SDKROOT = auto;
				SUPPORTED_PLATFORMS = "iphoneos iphonesimulator macosx";
				SWIFT_EMIT_LOC_STRINGS = NO;
				SWIFT_VERSION = 5.0;
				TARGETED_DEVICE_FAMILY = "1,2";
				TEST_TARGET_NAME = "Phoneix Raiser";
			};
			name = Debug;
		};
		4DFF92062AFDC48000CEC7CE /* Release */ = {
			isa = XCBuildConfiguration;
			buildSettings = {
				ALWAYS_EMBED_SWIFT_STANDARD_LIBRARIES = YES;
				CODE_SIGN_STYLE = Automatic;
				CURRENT_PROJECT_VERSION = 1;
				GENERATE_INFOPLIST_FILE = YES;
				IPHONEOS_DEPLOYMENT_TARGET = 17.0;
				MACOSX_DEPLOYMENT_TARGET = 14.0;
				MARKETING_VERSION = 1.0;
				PRODUCT_BUNDLE_IDENTIFIER = "com.Phoenex.iOS.Phoneix-RaiserUITests";
				PRODUCT_NAME = "$(TARGET_NAME)";
				SDKROOT = auto;
				SUPPORTED_PLATFORMS = "iphoneos iphonesimulator macosx";
				SWIFT_EMIT_LOC_STRINGS = NO;
				SWIFT_VERSION = 5.0;
				TARGETED_DEVICE_FAMILY = "1,2";
				TEST_TARGET_NAME = "Phoneix Raiser";
			};
			name = Release;
		};
/* End XCBuildConfiguration section */

/* Begin XCConfigurationList section */
		4DFF91D42AFDC47B00CEC7CE /* Build configuration list for PBXProject "Phoneix Raiser" */ = {
			isa = XCConfigurationList;
			buildConfigurations = (
				4DFF91FC2AFDC48000CEC7CE /* Debug */,
				4DFF91FD2AFDC48000CEC7CE /* Release */,
			);
			defaultConfigurationIsVisible = 0;
			defaultConfigurationName = Release;
		};
		4DFF91FE2AFDC48000CEC7CE /* Build configuration list for PBXNativeTarget "Phoneix Raiser" */ = {
			isa = XCConfigurationList;
			buildConfigurations = (
				4DFF91FF2AFDC48000CEC7CE /* Debug */,
				4DFF92002AFDC48000CEC7CE /* Release */,
			);
			defaultConfigurationIsVisible = 0;
			defaultConfigurationName = Release;
		};
		4DFF92012AFDC48000CEC7CE /* Build configuration list for PBXNativeTarget "Phoneix RaiserTests" */ = {
			isa = XCConfigurationList;
			buildConfigurations = (
				4DFF92022AFDC48000CEC7CE /* Debug */,
				4DFF92032AFDC48000CEC7CE /* Release */,
			);
			defaultConfigurationIsVisible = 0;
			defaultConfigurationName = Release;
		};
		4DFF92042AFDC48000CEC7CE /* Build configuration list for PBXNativeTarget "Phoneix RaiserUITests" */ = {
			isa = XCConfigurationList;
			buildConfigurations = (
				4DFF92052AFDC48000CEC7CE /* Debug */,
				4DFF92062AFDC48000CEC7CE /* Release */,
			);
			defaultConfigurationIsVisible = 0;
			defaultConfigurationName = Release;
		};
/* End XCConfigurationList section */
	};
	rootObject = 4DFF91D12AFDC47B00CEC7CE /* Project object */;
}
